// !$*UTF8*$!
{
	archiveVersion = 1;
	classes = {
	};
	objectVersion = 55;
	objects = {

/* Begin PBXBuildFile section */
		8416B82C2937861A00C6A6C7 /* Alerts.swift in Sources */ = {isa = PBXBuildFile; fileRef = 8416B82B2937861A00C6A6C7 /* Alerts.swift */; };
		8416B83429379E6800C6A6C7 /* TodoMoviesTests.swift in Sources */ = {isa = PBXBuildFile; fileRef = 8416B83329379E6800C6A6C7 /* TodoMoviesTests.swift */; };
		8416B8412937A92900C6A6C7 /* TodoMoviesUITests.swift in Sources */ = {isa = PBXBuildFile; fileRef = 8416B8402937A92900C6A6C7 /* TodoMoviesUITests.swift */; };
		8416B8432937A92900C6A6C7 /* TodoMoviesUITestsLaunchTests.swift in Sources */ = {isa = PBXBuildFile; fileRef = 8416B8422937A92900C6A6C7 /* TodoMoviesUITestsLaunchTests.swift */; };
		8416B84F2937CD4700C6A6C7 /* SnapshotTesting in Frameworks */ = {isa = PBXBuildFile; productRef = 8416B84E2937CD4700C6A6C7 /* SnapshotTesting */; };
		8416B85C2937D2F300C6A6C7 /* TodoMoviesSnapShotTesting.swift in Sources */ = {isa = PBXBuildFile; fileRef = 8416B85B2937D2F300C6A6C7 /* TodoMoviesSnapShotTesting.swift */; };
		8416B85F2937D46C00C6A6C7 /* SnapshotTesting in Frameworks */ = {isa = PBXBuildFile; productRef = 8416B85E2937D46C00C6A6C7 /* SnapshotTesting */; };
		8416B8612937DC1300C6A6C7 /* ConfigGradient.swift in Sources */ = {isa = PBXBuildFile; fileRef = 8416B8602937DC1300C6A6C7 /* ConfigGradient.swift */; };
		8453DFCE293E28B700183D94 /* Coordinator.swift in Sources */ = {isa = PBXBuildFile; fileRef = 8453DFCD293E28B700183D94 /* Coordinator.swift */; };
		8453DFD1293E290700183D94 /* ListFilmsCoordinator.swift in Sources */ = {isa = PBXBuildFile; fileRef = 8453DFD0293E290700183D94 /* ListFilmsCoordinator.swift */; };
		8453DFD3293E2A8800183D94 /* DetailsFilmCoordinator.swift in Sources */ = {isa = PBXBuildFile; fileRef = 8453DFD2293E2A8800183D94 /* DetailsFilmCoordinator.swift */; };
		84D5920329354EE100DCC5F6 /* AppDelegate.swift in Sources */ = {isa = PBXBuildFile; fileRef = 84D5920229354EE100DCC5F6 /* AppDelegate.swift */; };
		84D5920529354EE100DCC5F6 /* SceneDelegate.swift in Sources */ = {isa = PBXBuildFile; fileRef = 84D5920429354EE100DCC5F6 /* SceneDelegate.swift */; };
		84D5920729354EE100DCC5F6 /* ListFilmsViewController.swift in Sources */ = {isa = PBXBuildFile; fileRef = 84D5920629354EE100DCC5F6 /* ListFilmsViewController.swift */; };
		84D5920C29354EE300DCC5F6 /* Assets.xcassets in Resources */ = {isa = PBXBuildFile; fileRef = 84D5920B29354EE300DCC5F6 /* Assets.xcassets */; };
		84D5920F29354EE300DCC5F6 /* LaunchScreen.storyboard in Resources */ = {isa = PBXBuildFile; fileRef = 84D5920D29354EE300DCC5F6 /* LaunchScreen.storyboard */; };
		84D5921A293551C900DCC5F6 /* ListFilmsModel.swift in Sources */ = {isa = PBXBuildFile; fileRef = 84D59219293551C900DCC5F6 /* ListFilmsModel.swift */; };
		84D5921C293551DF00DCC5F6 /* FilmsViewModel.swift in Sources */ = {isa = PBXBuildFile; fileRef = 84D5921B293551DF00DCC5F6 /* FilmsViewModel.swift */; };
		84D5921F2935522400DCC5F6 /* ApiFilmsProvider.swift in Sources */ = {isa = PBXBuildFile; fileRef = 84D5921E2935522400DCC5F6 /* ApiFilmsProvider.swift */; };
		84D59223293555C200DCC5F6 /* ListFilmsView.swift in Sources */ = {isa = PBXBuildFile; fileRef = 84D59222293555C200DCC5F6 /* ListFilmsView.swift */; };
		84D59226293559E300DCC5F6 /* ConfigConstraints.swift in Sources */ = {isa = PBXBuildFile; fileRef = 84D59225293559E300DCC5F6 /* ConfigConstraints.swift */; };
		84D5922829355A8200DCC5F6 /* CustomColors.swift in Sources */ = {isa = PBXBuildFile; fileRef = 84D5922729355A8200DCC5F6 /* CustomColors.swift */; };
		84D5922A29355C5A00DCC5F6 /* ListFilmsTableViewCell.swift in Sources */ = {isa = PBXBuildFile; fileRef = 84D5922929355C5A00DCC5F6 /* ListFilmsTableViewCell.swift */; };
		84D5922C2935733F00DCC5F6 /* FilmsViewModelCell.swift in Sources */ = {isa = PBXBuildFile; fileRef = 84D5922B2935733F00DCC5F6 /* FilmsViewModelCell.swift */; };
		84D5922E29358EF700DCC5F6 /* DetailsFilmViewController.swift in Sources */ = {isa = PBXBuildFile; fileRef = 84D5922D29358EF700DCC5F6 /* DetailsFilmViewController.swift */; };
		84D5923029358F1200DCC5F6 /* DetailsFilmView.swift in Sources */ = {isa = PBXBuildFile; fileRef = 84D5922F29358F1200DCC5F6 /* DetailsFilmView.swift */; };
		84D59232293631D600DCC5F6 /* ListFilmsCellView.swift in Sources */ = {isa = PBXBuildFile; fileRef = 84D59231293631D600DCC5F6 /* ListFilmsCellView.swift */; };
		84D5923429366BAC00DCC5F6 /* DetailsFilmModel.swift in Sources */ = {isa = PBXBuildFile; fileRef = 84D5923329366BAC00DCC5F6 /* DetailsFilmModel.swift */; };
		C41D3F147D418EF0D5F5F080 /* Pods_TodoMovies.framework in Frameworks */ = {isa = PBXBuildFile; fileRef = 31AC13613D91418E425246E6 /* Pods_TodoMovies.framework */; };
/* End PBXBuildFile section */

/* Begin PBXContainerItemProxy section */
		8416B83529379E6800C6A6C7 /* PBXContainerItemProxy */ = {
			isa = PBXContainerItemProxy;
			containerPortal = 84D591F729354EE100DCC5F6 /* Project object */;
			proxyType = 1;
			remoteGlobalIDString = 84D591FE29354EE100DCC5F6;
			remoteInfo = TodoMovies;
		};
		8416B8442937A92900C6A6C7 /* PBXContainerItemProxy */ = {
			isa = PBXContainerItemProxy;
			containerPortal = 84D591F729354EE100DCC5F6 /* Project object */;
			proxyType = 1;
			remoteGlobalIDString = 84D591FE29354EE100DCC5F6;
			remoteInfo = TodoMovies;
		};
/* End PBXContainerItemProxy section */

/* Begin PBXFileReference section */
		182C3AC0A3703B3ECA0EED69 /* Pods-TodoMovies.release.xcconfig */ = {isa = PBXFileReference; includeInIndex = 1; lastKnownFileType = text.xcconfig; name = "Pods-TodoMovies.release.xcconfig"; path = "Target Support Files/Pods-TodoMovies/Pods-TodoMovies.release.xcconfig"; sourceTree = "<group>"; };
		31AC13613D91418E425246E6 /* Pods_TodoMovies.framework */ = {isa = PBXFileReference; explicitFileType = wrapper.framework; includeInIndex = 0; path = Pods_TodoMovies.framework; sourceTree = BUILT_PRODUCTS_DIR; };
		3AD7CA7B02C6058733A7D853 /* Pods-TodoMovies.debug.xcconfig */ = {isa = PBXFileReference; includeInIndex = 1; lastKnownFileType = text.xcconfig; name = "Pods-TodoMovies.debug.xcconfig"; path = "Target Support Files/Pods-TodoMovies/Pods-TodoMovies.debug.xcconfig"; sourceTree = "<group>"; };
		8416B82B2937861A00C6A6C7 /* Alerts.swift */ = {isa = PBXFileReference; lastKnownFileType = sourcecode.swift; path = Alerts.swift; sourceTree = "<group>"; };
		8416B83129379E6800C6A6C7 /* TodoMoviesTests.xctest */ = {isa = PBXFileReference; explicitFileType = wrapper.cfbundle; includeInIndex = 0; path = TodoMoviesTests.xctest; sourceTree = BUILT_PRODUCTS_DIR; };
		8416B83329379E6800C6A6C7 /* TodoMoviesTests.swift */ = {isa = PBXFileReference; lastKnownFileType = sourcecode.swift; path = TodoMoviesTests.swift; sourceTree = "<group>"; };
		8416B83E2937A92900C6A6C7 /* TodoMoviesUITests.xctest */ = {isa = PBXFileReference; explicitFileType = wrapper.cfbundle; includeInIndex = 0; path = TodoMoviesUITests.xctest; sourceTree = BUILT_PRODUCTS_DIR; };
		8416B8402937A92900C6A6C7 /* TodoMoviesUITests.swift */ = {isa = PBXFileReference; lastKnownFileType = sourcecode.swift; path = TodoMoviesUITests.swift; sourceTree = "<group>"; };
		8416B8422937A92900C6A6C7 /* TodoMoviesUITestsLaunchTests.swift */ = {isa = PBXFileReference; lastKnownFileType = sourcecode.swift; path = TodoMoviesUITestsLaunchTests.swift; sourceTree = "<group>"; };
		8416B8522937CE5700C6A6C7 /* RxSwift.framework */ = {isa = PBXFileReference; explicitFileType = wrapper.framework; path = RxSwift.framework; sourceTree = BUILT_PRODUCTS_DIR; };
		8416B85B2937D2F300C6A6C7 /* TodoMoviesSnapShotTesting.swift */ = {isa = PBXFileReference; lastKnownFileType = sourcecode.swift; path = TodoMoviesSnapShotTesting.swift; sourceTree = "<group>"; };
		8416B8602937DC1300C6A6C7 /* ConfigGradient.swift */ = {isa = PBXFileReference; lastKnownFileType = sourcecode.swift; path = ConfigGradient.swift; sourceTree = "<group>"; };
		8453DFCD293E28B700183D94 /* Coordinator.swift */ = {isa = PBXFileReference; lastKnownFileType = sourcecode.swift; path = Coordinator.swift; sourceTree = "<group>"; };
		8453DFD0293E290700183D94 /* ListFilmsCoordinator.swift */ = {isa = PBXFileReference; lastKnownFileType = sourcecode.swift; path = ListFilmsCoordinator.swift; sourceTree = "<group>"; };
		8453DFD2293E2A8800183D94 /* DetailsFilmCoordinator.swift */ = {isa = PBXFileReference; lastKnownFileType = sourcecode.swift; path = DetailsFilmCoordinator.swift; sourceTree = "<group>"; };
		84D591FF29354EE100DCC5F6 /* TodoMovies.app */ = {isa = PBXFileReference; explicitFileType = wrapper.application; includeInIndex = 0; path = TodoMovies.app; sourceTree = BUILT_PRODUCTS_DIR; };
		84D5920229354EE100DCC5F6 /* AppDelegate.swift */ = {isa = PBXFileReference; lastKnownFileType = sourcecode.swift; path = AppDelegate.swift; sourceTree = "<group>"; };
		84D5920429354EE100DCC5F6 /* SceneDelegate.swift */ = {isa = PBXFileReference; lastKnownFileType = sourcecode.swift; path = SceneDelegate.swift; sourceTree = "<group>"; };
		84D5920629354EE100DCC5F6 /* ListFilmsViewController.swift */ = {isa = PBXFileReference; lastKnownFileType = sourcecode.swift; path = ListFilmsViewController.swift; sourceTree = "<group>"; };
		84D5920B29354EE300DCC5F6 /* Assets.xcassets */ = {isa = PBXFileReference; lastKnownFileType = folder.assetcatalog; path = Assets.xcassets; sourceTree = "<group>"; };
		84D5920E29354EE300DCC5F6 /* Base */ = {isa = PBXFileReference; lastKnownFileType = file.storyboard; name = Base; path = Base.lproj/LaunchScreen.storyboard; sourceTree = "<group>"; };
		84D5921029354EE300DCC5F6 /* Info.plist */ = {isa = PBXFileReference; lastKnownFileType = text.plist.xml; path = Info.plist; sourceTree = "<group>"; };
		84D59219293551C900DCC5F6 /* ListFilmsModel.swift */ = {isa = PBXFileReference; lastKnownFileType = sourcecode.swift; path = ListFilmsModel.swift; sourceTree = "<group>"; };
		84D5921B293551DF00DCC5F6 /* FilmsViewModel.swift */ = {isa = PBXFileReference; lastKnownFileType = sourcecode.swift; path = FilmsViewModel.swift; sourceTree = "<group>"; };
		84D5921E2935522400DCC5F6 /* ApiFilmsProvider.swift */ = {isa = PBXFileReference; lastKnownFileType = sourcecode.swift; path = ApiFilmsProvider.swift; sourceTree = "<group>"; };
		84D59222293555C200DCC5F6 /* ListFilmsView.swift */ = {isa = PBXFileReference; lastKnownFileType = sourcecode.swift; path = ListFilmsView.swift; sourceTree = "<group>"; };
		84D59225293559E300DCC5F6 /* ConfigConstraints.swift */ = {isa = PBXFileReference; lastKnownFileType = sourcecode.swift; path = ConfigConstraints.swift; sourceTree = "<group>"; };
		84D5922729355A8200DCC5F6 /* CustomColors.swift */ = {isa = PBXFileReference; lastKnownFileType = sourcecode.swift; path = CustomColors.swift; sourceTree = "<group>"; };
		84D5922929355C5A00DCC5F6 /* ListFilmsTableViewCell.swift */ = {isa = PBXFileReference; lastKnownFileType = sourcecode.swift; path = ListFilmsTableViewCell.swift; sourceTree = "<group>"; };
		84D5922B2935733F00DCC5F6 /* FilmsViewModelCell.swift */ = {isa = PBXFileReference; lastKnownFileType = sourcecode.swift; path = FilmsViewModelCell.swift; sourceTree = "<group>"; };
		84D5922D29358EF700DCC5F6 /* DetailsFilmViewController.swift */ = {isa = PBXFileReference; lastKnownFileType = sourcecode.swift; path = DetailsFilmViewController.swift; sourceTree = "<group>"; };
		84D5922F29358F1200DCC5F6 /* DetailsFilmView.swift */ = {isa = PBXFileReference; lastKnownFileType = sourcecode.swift; path = DetailsFilmView.swift; sourceTree = "<group>"; };
		84D59231293631D600DCC5F6 /* ListFilmsCellView.swift */ = {isa = PBXFileReference; lastKnownFileType = sourcecode.swift; path = ListFilmsCellView.swift; sourceTree = "<group>"; };
		84D5923329366BAC00DCC5F6 /* DetailsFilmModel.swift */ = {isa = PBXFileReference; lastKnownFileType = sourcecode.swift; path = DetailsFilmModel.swift; sourceTree = "<group>"; };
/* End PBXFileReference section */

/* Begin PBXFrameworksBuildPhase section */
		8416B82E29379E6800C6A6C7 /* Frameworks */ = {
			isa = PBXFrameworksBuildPhase;
			buildActionMask = 2147483647;
			files = (
				8416B85F2937D46C00C6A6C7 /* SnapshotTesting in Frameworks */,
			);
			runOnlyForDeploymentPostprocessing = 0;
		};
		8416B83B2937A92900C6A6C7 /* Frameworks */ = {
			isa = PBXFrameworksBuildPhase;
			buildActionMask = 2147483647;
			files = (
				8416B84F2937CD4700C6A6C7 /* SnapshotTesting in Frameworks */,
			);
			runOnlyForDeploymentPostprocessing = 0;
		};
		84D591FC29354EE100DCC5F6 /* Frameworks */ = {
			isa = PBXFrameworksBuildPhase;
			buildActionMask = 2147483647;
			files = (
				C41D3F147D418EF0D5F5F080 /* Pods_TodoMovies.framework in Frameworks */,
			);
			runOnlyForDeploymentPostprocessing = 0;
		};
/* End PBXFrameworksBuildPhase section */

/* Begin PBXGroup section */
		8416B82A2937860A00C6A6C7 /* Alerts */ = {
			isa = PBXGroup;
			children = (
				8416B82B2937861A00C6A6C7 /* Alerts.swift */,
			);
			path = Alerts;
			sourceTree = "<group>";
		};
		8416B83229379E6800C6A6C7 /* TodoMoviesTests */ = {
			isa = PBXGroup;
			children = (
				8416B83329379E6800C6A6C7 /* TodoMoviesTests.swift */,
				8416B85B2937D2F300C6A6C7 /* TodoMoviesSnapShotTesting.swift */,
			);
			path = TodoMoviesTests;
			sourceTree = "<group>";
		};
		8416B83F2937A92900C6A6C7 /* TodoMoviesUITests */ = {
			isa = PBXGroup;
			children = (
				8416B8402937A92900C6A6C7 /* TodoMoviesUITests.swift */,
				8416B8422937A92900C6A6C7 /* TodoMoviesUITestsLaunchTests.swift */,
			);
			path = TodoMoviesUITests;
			sourceTree = "<group>";
		};
		8453DFCC293E289F00183D94 /* Coordinator */ = {
			isa = PBXGroup;
			children = (
				8453DFCD293E28B700183D94 /* Coordinator.swift */,
				8453DFCF293E28FA00183D94 /* Coordinators */,
			);
			path = Coordinator;
			sourceTree = "<group>";
		};
		8453DFCF293E28FA00183D94 /* Coordinators */ = {
			isa = PBXGroup;
			children = (
				8453DFD0293E290700183D94 /* ListFilmsCoordinator.swift */,
				8453DFD2293E2A8800183D94 /* DetailsFilmCoordinator.swift */,
			);
			path = Coordinators;
			sourceTree = "<group>";
		};
		84D591F629354EE100DCC5F6 = {
			isa = PBXGroup;
			children = (
				84D5920129354EE100DCC5F6 /* TodoMovies */,
				8416B83229379E6800C6A6C7 /* TodoMoviesTests */,
				8416B83F2937A92900C6A6C7 /* TodoMoviesUITests */,
				84D5920029354EE100DCC5F6 /* Products */,
				A28F73F8CC9A29B2961F7D74 /* Pods */,
				B055858A42036305DC16845D /* Frameworks */,
			);
			sourceTree = "<group>";
		};
		84D5920029354EE100DCC5F6 /* Products */ = {
			isa = PBXGroup;
			children = (
				84D591FF29354EE100DCC5F6 /* TodoMovies.app */,
				8416B83129379E6800C6A6C7 /* TodoMoviesTests.xctest */,
				8416B83E2937A92900C6A6C7 /* TodoMoviesUITests.xctest */,
			);
			name = Products;
			sourceTree = "<group>";
		};
		84D5920129354EE100DCC5F6 /* TodoMovies */ = {
			isa = PBXGroup;
			children = (
				8453DFCC293E289F00183D94 /* Coordinator */,
				8416B82A2937860A00C6A6C7 /* Alerts */,
				84D59224293559C600DCC5F6 /* Utils */,
				84D5921D293551FE00DCC5F6 /* Services */,
				84D592182935515200DCC5F6 /* Model */,
				84D592172935514A00DCC5F6 /* View */,
				84D592162935513F00DCC5F6 /* ViewModel */,
				84D5920229354EE100DCC5F6 /* AppDelegate.swift */,
				84D5920429354EE100DCC5F6 /* SceneDelegate.swift */,
				84D5920B29354EE300DCC5F6 /* Assets.xcassets */,
				84D5920D29354EE300DCC5F6 /* LaunchScreen.storyboard */,
				84D5921029354EE300DCC5F6 /* Info.plist */,
			);
			path = TodoMovies;
			sourceTree = "<group>";
		};
		84D592162935513F00DCC5F6 /* ViewModel */ = {
			isa = PBXGroup;
			children = (
				84D5921B293551DF00DCC5F6 /* FilmsViewModel.swift */,
				84D5922B2935733F00DCC5F6 /* FilmsViewModelCell.swift */,
			);
			path = ViewModel;
			sourceTree = "<group>";
		};
		84D592172935514A00DCC5F6 /* View */ = {
			isa = PBXGroup;
			children = (
				84D592202935559800DCC5F6 /* Views */,
				84D59221293555A100DCC5F6 /* ViewsControllers */,
			);
			path = View;
			sourceTree = "<group>";
		};
		84D592182935515200DCC5F6 /* Model */ = {
			isa = PBXGroup;
			children = (
				84D59219293551C900DCC5F6 /* ListFilmsModel.swift */,
				84D5923329366BAC00DCC5F6 /* DetailsFilmModel.swift */,
			);
			path = Model;
			sourceTree = "<group>";
		};
		84D5921D293551FE00DCC5F6 /* Services */ = {
			isa = PBXGroup;
			children = (
				84D5921E2935522400DCC5F6 /* ApiFilmsProvider.swift */,
			);
			path = Services;
			sourceTree = "<group>";
		};
		84D592202935559800DCC5F6 /* Views */ = {
			isa = PBXGroup;
			children = (
				84D59222293555C200DCC5F6 /* ListFilmsView.swift */,
				84D5922F29358F1200DCC5F6 /* DetailsFilmView.swift */,
				84D59231293631D600DCC5F6 /* ListFilmsCellView.swift */,
			);
			path = Views;
			sourceTree = "<group>";
		};
		84D59221293555A100DCC5F6 /* ViewsControllers */ = {
			isa = PBXGroup;
			children = (
				84D5922929355C5A00DCC5F6 /* ListFilmsTableViewCell.swift */,
				84D5920629354EE100DCC5F6 /* ListFilmsViewController.swift */,
				84D5922D29358EF700DCC5F6 /* DetailsFilmViewController.swift */,
			);
			path = ViewsControllers;
			sourceTree = "<group>";
		};
		84D59224293559C600DCC5F6 /* Utils */ = {
			isa = PBXGroup;
			children = (
				84D59225293559E300DCC5F6 /* ConfigConstraints.swift */,
				84D5922729355A8200DCC5F6 /* CustomColors.swift */,
				8416B8602937DC1300C6A6C7 /* ConfigGradient.swift */,
			);
			path = Utils;
			sourceTree = "<group>";
		};
		A28F73F8CC9A29B2961F7D74 /* Pods */ = {
			isa = PBXGroup;
			children = (
				3AD7CA7B02C6058733A7D853 /* Pods-TodoMovies.debug.xcconfig */,
				182C3AC0A3703B3ECA0EED69 /* Pods-TodoMovies.release.xcconfig */,
			);
			path = Pods;
			sourceTree = "<group>";
		};
		B055858A42036305DC16845D /* Frameworks */ = {
			isa = PBXGroup;
			children = (
				8416B8522937CE5700C6A6C7 /* RxSwift.framework */,
				31AC13613D91418E425246E6 /* Pods_TodoMovies.framework */,
			);
			name = Frameworks;
			sourceTree = "<group>";
		};
/* End PBXGroup section */

/* Begin PBXNativeTarget section */
		8416B83029379E6800C6A6C7 /* TodoMoviesTests */ = {
			isa = PBXNativeTarget;
			buildConfigurationList = 8416B83729379E6800C6A6C7 /* Build configuration list for PBXNativeTarget "TodoMoviesTests" */;
			buildPhases = (
				8416B82D29379E6800C6A6C7 /* Sources */,
				8416B82E29379E6800C6A6C7 /* Frameworks */,
				8416B82F29379E6800C6A6C7 /* Resources */,
			);
			buildRules = (
			);
			dependencies = (
				8416B83629379E6800C6A6C7 /* PBXTargetDependency */,
			);
			name = TodoMoviesTests;
			packageProductDependencies = (
				8416B85E2937D46C00C6A6C7 /* SnapshotTesting */,
			);
			productName = TodoMoviesTests;
			productReference = 8416B83129379E6800C6A6C7 /* TodoMoviesTests.xctest */;
			productType = "com.apple.product-type.bundle.unit-test";
		};
		8416B83D2937A92900C6A6C7 /* TodoMoviesUITests */ = {
			isa = PBXNativeTarget;
			buildConfigurationList = 8416B8462937A92900C6A6C7 /* Build configuration list for PBXNativeTarget "TodoMoviesUITests" */;
			buildPhases = (
				8416B83A2937A92900C6A6C7 /* Sources */,
				8416B83B2937A92900C6A6C7 /* Frameworks */,
				8416B83C2937A92900C6A6C7 /* Resources */,
			);
			buildRules = (
			);
			dependencies = (
				8416B8452937A92900C6A6C7 /* PBXTargetDependency */,
			);
			name = TodoMoviesUITests;
			packageProductDependencies = (
				8416B84E2937CD4700C6A6C7 /* SnapshotTesting */,
			);
			productName = TodoMoviesUITests;
			productReference = 8416B83E2937A92900C6A6C7 /* TodoMoviesUITests.xctest */;
			productType = "com.apple.product-type.bundle.ui-testing";
		};
		84D591FE29354EE100DCC5F6 /* TodoMovies */ = {
			isa = PBXNativeTarget;
			buildConfigurationList = 84D5921329354EE300DCC5F6 /* Build configuration list for PBXNativeTarget "TodoMovies" */;
			buildPhases = (
				D94D185350938FAAFBE229EE /* [CP] Check Pods Manifest.lock */,
				84D591FB29354EE100DCC5F6 /* Sources */,
				84D591FC29354EE100DCC5F6 /* Frameworks */,
				84D591FD29354EE100DCC5F6 /* Resources */,
				FD48DFD99F6B21D28B5B7296 /* [CP] Embed Pods Frameworks */,
			);
			buildRules = (
			);
			dependencies = (
			);
			name = TodoMovies;
			productName = TodoMovies;
			productReference = 84D591FF29354EE100DCC5F6 /* TodoMovies.app */;
			productType = "com.apple.product-type.application";
		};
/* End PBXNativeTarget section */

/* Begin PBXProject section */
		84D591F729354EE100DCC5F6 /* Project object */ = {
			isa = PBXProject;
			attributes = {
				BuildIndependentTargetsInParallel = 1;
				LastSwiftUpdateCheck = 1320;
				LastUpgradeCheck = 1320;
				TargetAttributes = {
					8416B83029379E6800C6A6C7 = {
						CreatedOnToolsVersion = 13.2.1;
						TestTargetID = 84D591FE29354EE100DCC5F6;
					};
					8416B83D2937A92900C6A6C7 = {
						CreatedOnToolsVersion = 13.2.1;
						TestTargetID = 84D591FE29354EE100DCC5F6;
					};
					84D591FE29354EE100DCC5F6 = {
						CreatedOnToolsVersion = 13.2.1;
					};
				};
			};
			buildConfigurationList = 84D591FA29354EE100DCC5F6 /* Build configuration list for PBXProject "TodoMovies" */;
			compatibilityVersion = "Xcode 13.0";
			developmentRegion = en;
			hasScannedForEncodings = 0;
			knownRegions = (
				en,
				Base,
			);
			mainGroup = 84D591F629354EE100DCC5F6;
			packageReferences = (
				8416B84D2937CD4700C6A6C7 /* XCRemoteSwiftPackageReference "swift-snapshot-testing" */,
			);
			productRefGroup = 84D5920029354EE100DCC5F6 /* Products */;
			projectDirPath = "";
			projectRoot = "";
			targets = (
				84D591FE29354EE100DCC5F6 /* TodoMovies */,
				8416B83029379E6800C6A6C7 /* TodoMoviesTests */,
				8416B83D2937A92900C6A6C7 /* TodoMoviesUITests */,
			);
		};
/* End PBXProject section */

/* Begin PBXResourcesBuildPhase section */
		8416B82F29379E6800C6A6C7 /* Resources */ = {
			isa = PBXResourcesBuildPhase;
			buildActionMask = 2147483647;
			files = (
			);
			runOnlyForDeploymentPostprocessing = 0;
		};
		8416B83C2937A92900C6A6C7 /* Resources */ = {
			isa = PBXResourcesBuildPhase;
			buildActionMask = 2147483647;
			files = (
			);
			runOnlyForDeploymentPostprocessing = 0;
		};
		84D591FD29354EE100DCC5F6 /* Resources */ = {
			isa = PBXResourcesBuildPhase;
			buildActionMask = 2147483647;
			files = (
				84D5920F29354EE300DCC5F6 /* LaunchScreen.storyboard in Resources */,
				84D5920C29354EE300DCC5F6 /* Assets.xcassets in Resources */,
			);
			runOnlyForDeploymentPostprocessing = 0;
		};
/* End PBXResourcesBuildPhase section */

/* Begin PBXShellScriptBuildPhase section */
		D94D185350938FAAFBE229EE /* [CP] Check Pods Manifest.lock */ = {
			isa = PBXShellScriptBuildPhase;
			buildActionMask = 2147483647;
			files = (
			);
			inputFileListPaths = (
			);
			inputPaths = (
				"${PODS_PODFILE_DIR_PATH}/Podfile.lock",
				"${PODS_ROOT}/Manifest.lock",
			);
			name = "[CP] Check Pods Manifest.lock";
			outputFileListPaths = (
			);
			outputPaths = (
				"$(DERIVED_FILE_DIR)/Pods-TodoMovies-checkManifestLockResult.txt",
			);
			runOnlyForDeploymentPostprocessing = 0;
			shellPath = /bin/sh;
			shellScript = "diff \"${PODS_PODFILE_DIR_PATH}/Podfile.lock\" \"${PODS_ROOT}/Manifest.lock\" > /dev/null\nif [ $? != 0 ] ; then\n    # print error to STDERR\n    echo \"error: The sandbox is not in sync with the Podfile.lock. Run 'pod install' or update your CocoaPods installation.\" >&2\n    exit 1\nfi\n# This output is used by Xcode 'outputs' to avoid re-running this script phase.\necho \"SUCCESS\" > \"${SCRIPT_OUTPUT_FILE_0}\"\n";
			showEnvVarsInLog = 0;
		};
		FD48DFD99F6B21D28B5B7296 /* [CP] Embed Pods Frameworks */ = {
			isa = PBXShellScriptBuildPhase;
			buildActionMask = 2147483647;
			files = (
			);
			inputFileListPaths = (
				"${PODS_ROOT}/Target Support Files/Pods-TodoMovies/Pods-TodoMovies-frameworks-${CONFIGURATION}-input-files.xcfilelist",
			);
			name = "[CP] Embed Pods Frameworks";
			outputFileListPaths = (
				"${PODS_ROOT}/Target Support Files/Pods-TodoMovies/Pods-TodoMovies-frameworks-${CONFIGURATION}-output-files.xcfilelist",
			);
			runOnlyForDeploymentPostprocessing = 0;
			shellPath = /bin/sh;
			shellScript = "\"${PODS_ROOT}/Target Support Files/Pods-TodoMovies/Pods-TodoMovies-frameworks.sh\"\n";
			showEnvVarsInLog = 0;
		};
/* End PBXShellScriptBuildPhase section */

/* Begin PBXSourcesBuildPhase section */
		8416B82D29379E6800C6A6C7 /* Sources */ = {
			isa = PBXSourcesBuildPhase;
			buildActionMask = 2147483647;
			files = (
				8416B85C2937D2F300C6A6C7 /* TodoMoviesSnapShotTesting.swift in Sources */,
				8416B83429379E6800C6A6C7 /* TodoMoviesTests.swift in Sources */,
			);
			runOnlyForDeploymentPostprocessing = 0;
		};
		8416B83A2937A92900C6A6C7 /* Sources */ = {
			isa = PBXSourcesBuildPhase;
			buildActionMask = 2147483647;
			files = (
				8416B8412937A92900C6A6C7 /* TodoMoviesUITests.swift in Sources */,
				8416B8432937A92900C6A6C7 /* TodoMoviesUITestsLaunchTests.swift in Sources */,
			);
			runOnlyForDeploymentPostprocessing = 0;
		};
		84D591FB29354EE100DCC5F6 /* Sources */ = {
			isa = PBXSourcesBuildPhase;
			buildActionMask = 2147483647;
			files = (
				84D59226293559E300DCC5F6 /* ConfigConstraints.swift in Sources */,
				84D5921C293551DF00DCC5F6 /* FilmsViewModel.swift in Sources */,
				8416B82C2937861A00C6A6C7 /* Alerts.swift in Sources */,
				84D5920729354EE100DCC5F6 /* ListFilmsViewController.swift in Sources */,
				84D5922E29358EF700DCC5F6 /* DetailsFilmViewController.swift in Sources */,
				84D5922A29355C5A00DCC5F6 /* ListFilmsTableViewCell.swift in Sources */,
				84D5923029358F1200DCC5F6 /* DetailsFilmView.swift in Sources */,
				84D5920329354EE100DCC5F6 /* AppDelegate.swift in Sources */,
				8453DFCE293E28B700183D94 /* Coordinator.swift in Sources */,
				8453DFD3293E2A8800183D94 /* DetailsFilmCoordinator.swift in Sources */,
				84D59232293631D600DCC5F6 /* ListFilmsCellView.swift in Sources */,
				84D5923429366BAC00DCC5F6 /* DetailsFilmModel.swift in Sources */,
				84D59223293555C200DCC5F6 /* ListFilmsView.swift in Sources */,
				84D5920529354EE100DCC5F6 /* SceneDelegate.swift in Sources */,
				84D5921A293551C900DCC5F6 /* ListFilmsModel.swift in Sources */,
				84D5922C2935733F00DCC5F6 /* FilmsViewModelCell.swift in Sources */,
				84D5922829355A8200DCC5F6 /* CustomColors.swift in Sources */,
				8416B8612937DC1300C6A6C7 /* ConfigGradient.swift in Sources */,
				8453DFD1293E290700183D94 /* ListFilmsCoordinator.swift in Sources */,
				84D5921F2935522400DCC5F6 /* ApiFilmsProvider.swift in Sources */,
			);
			runOnlyForDeploymentPostprocessing = 0;
		};
/* End PBXSourcesBuildPhase section */

/* Begin PBXTargetDependency section */
		8416B83629379E6800C6A6C7 /* PBXTargetDependency */ = {
			isa = PBXTargetDependency;
			target = 84D591FE29354EE100DCC5F6 /* TodoMovies */;
			targetProxy = 8416B83529379E6800C6A6C7 /* PBXContainerItemProxy */;
		};
		8416B8452937A92900C6A6C7 /* PBXTargetDependency */ = {
			isa = PBXTargetDependency;
			target = 84D591FE29354EE100DCC5F6 /* TodoMovies */;
			targetProxy = 8416B8442937A92900C6A6C7 /* PBXContainerItemProxy */;
		};
/* End PBXTargetDependency section */

/* Begin PBXVariantGroup section */
		84D5920D29354EE300DCC5F6 /* LaunchScreen.storyboard */ = {
			isa = PBXVariantGroup;
			children = (
				84D5920E29354EE300DCC5F6 /* Base */,
			);
			name = LaunchScreen.storyboard;
			sourceTree = "<group>";
		};
/* End PBXVariantGroup section */

/* Begin XCBuildConfiguration section */
		8416B83829379E6800C6A6C7 /* Debug */ = {
			isa = XCBuildConfiguration;
			buildSettings = {
				BUNDLE_LOADER = "$(TEST_HOST)";
				CODE_SIGN_STYLE = Automatic;
				CURRENT_PROJECT_VERSION = 1;
				DEVELOPMENT_TEAM = JMM295FRCU;
				GENERATE_INFOPLIST_FILE = YES;
				MARKETING_VERSION = 1.0;
				PRODUCT_BUNDLE_IDENTIFIER = com.denis.TodoMoviesTests;
				PRODUCT_NAME = "$(TARGET_NAME)";
				SWIFT_EMIT_LOC_STRINGS = NO;
				SWIFT_VERSION = 5.0;
				TARGETED_DEVICE_FAMILY = "1,2";
				TEST_HOST = "$(BUILT_PRODUCTS_DIR)/TodoMovies.app/TodoMovies";
			};
			name = Debug;
		};
		8416B83929379E6800C6A6C7 /* Release */ = {
			isa = XCBuildConfiguration;
			buildSettings = {
				BUNDLE_LOADER = "$(TEST_HOST)";
				CODE_SIGN_STYLE = Automatic;
				CURRENT_PROJECT_VERSION = 1;
				DEVELOPMENT_TEAM = JMM295FRCU;
				GENERATE_INFOPLIST_FILE = YES;
				MARKETING_VERSION = 1.0;
				PRODUCT_BUNDLE_IDENTIFIER = com.denis.TodoMoviesTests;
				PRODUCT_NAME = "$(TARGET_NAME)";
				SWIFT_EMIT_LOC_STRINGS = NO;
				SWIFT_VERSION = 5.0;
				TARGETED_DEVICE_FAMILY = "1,2";
				TEST_HOST = "$(BUILT_PRODUCTS_DIR)/TodoMovies.app/TodoMovies";
			};
			name = Release;
		};
		8416B8472937A92900C6A6C7 /* Debug */ = {
			isa = XCBuildConfiguration;
			buildSettings = {
				CODE_SIGN_STYLE = Automatic;
				CURRENT_PROJECT_VERSION = 1;
				DEVELOPMENT_TEAM = JMM295FRCU;
				GENERATE_INFOPLIST_FILE = YES;
				MARKETING_VERSION = 1.0;
				PRODUCT_BUNDLE_IDENTIFIER = com.denis.TodoMoviesUITests;
				PRODUCT_NAME = "$(TARGET_NAME)";
				SWIFT_EMIT_LOC_STRINGS = NO;
				SWIFT_VERSION = 5.0;
				TARGETED_DEVICE_FAMILY = "1,2";
				TEST_TARGET_NAME = TodoMovies;
			};
			name = Debug;
		};
		8416B8482937A92900C6A6C7 /* Release */ = {
			isa = XCBuildConfiguration;
			buildSettings = {
				CODE_SIGN_STYLE = Automatic;
				CURRENT_PROJECT_VERSION = 1;
				DEVELOPMENT_TEAM = JMM295FRCU;
				GENERATE_INFOPLIST_FILE = YES;
				MARKETING_VERSION = 1.0;
				PRODUCT_BUNDLE_IDENTIFIER = com.denis.TodoMoviesUITests;
				PRODUCT_NAME = "$(TARGET_NAME)";
				SWIFT_EMIT_LOC_STRINGS = NO;
				SWIFT_VERSION = 5.0;
				TARGETED_DEVICE_FAMILY = "1,2";
				TEST_TARGET_NAME = TodoMovies;
			};
			name = Release;
		};
		84D5921129354EE300DCC5F6 /* Debug */ = {
			isa = XCBuildConfiguration;
			buildSettings = {
				ALWAYS_SEARCH_USER_PATHS = NO;
				CLANG_ANALYZER_NONNULL = YES;
				CLANG_ANALYZER_NUMBER_OBJECT_CONVERSION = YES_AGGRESSIVE;
				CLANG_CXX_LANGUAGE_STANDARD = "gnu++17";
				CLANG_CXX_LIBRARY = "libc++";
				CLANG_ENABLE_MODULES = YES;
				CLANG_ENABLE_OBJC_ARC = YES;
				CLANG_ENABLE_OBJC_WEAK = YES;
				CLANG_WARN_BLOCK_CAPTURE_AUTORELEASING = YES;
				CLANG_WARN_BOOL_CONVERSION = YES;
				CLANG_WARN_COMMA = YES;
				CLANG_WARN_CONSTANT_CONVERSION = YES;
				CLANG_WARN_DEPRECATED_OBJC_IMPLEMENTATIONS = YES;
				CLANG_WARN_DIRECT_OBJC_ISA_USAGE = YES_ERROR;
				CLANG_WARN_DOCUMENTATION_COMMENTS = YES;
				CLANG_WARN_EMPTY_BODY = YES;
				CLANG_WARN_ENUM_CONVERSION = YES;
				CLANG_WARN_INFINITE_RECURSION = YES;
				CLANG_WARN_INT_CONVERSION = YES;
				CLANG_WARN_NON_LITERAL_NULL_CONVERSION = YES;
				CLANG_WARN_OBJC_IMPLICIT_RETAIN_SELF = YES;
				CLANG_WARN_OBJC_LITERAL_CONVERSION = YES;
				CLANG_WARN_OBJC_ROOT_CLASS = YES_ERROR;
				CLANG_WARN_QUOTED_INCLUDE_IN_FRAMEWORK_HEADER = YES;
				CLANG_WARN_RANGE_LOOP_ANALYSIS = YES;
				CLANG_WARN_STRICT_PROTOTYPES = YES;
				CLANG_WARN_SUSPICIOUS_MOVE = YES;
				CLANG_WARN_UNGUARDED_AVAILABILITY = YES_AGGRESSIVE;
				CLANG_WARN_UNREACHABLE_CODE = YES;
				CLANG_WARN__DUPLICATE_METHOD_MATCH = YES;
				COPY_PHASE_STRIP = NO;
				DEBUG_INFORMATION_FORMAT = dwarf;
				ENABLE_STRICT_OBJC_MSGSEND = YES;
				ENABLE_TESTABILITY = YES;
				GCC_C_LANGUAGE_STANDARD = gnu11;
				GCC_DYNAMIC_NO_PIC = NO;
				GCC_NO_COMMON_BLOCKS = YES;
				GCC_OPTIMIZATION_LEVEL = 0;
				GCC_PREPROCESSOR_DEFINITIONS = (
					"DEBUG=1",
					"$(inherited)",
				);
				GCC_WARN_64_TO_32_BIT_CONVERSION = YES;
				GCC_WARN_ABOUT_RETURN_TYPE = YES_ERROR;
				GCC_WARN_UNDECLARED_SELECTOR = YES;
				GCC_WARN_UNINITIALIZED_AUTOS = YES_AGGRESSIVE;
				GCC_WARN_UNUSED_FUNCTION = YES;
				GCC_WARN_UNUSED_VARIABLE = YES;
				IPHONEOS_DEPLOYMENT_TARGET = 15.2;
				MTL_ENABLE_DEBUG_INFO = INCLUDE_SOURCE;
				MTL_FAST_MATH = YES;
				ONLY_ACTIVE_ARCH = YES;
				SDKROOT = iphoneos;
				SWIFT_ACTIVE_COMPILATION_CONDITIONS = DEBUG;
				SWIFT_OPTIMIZATION_LEVEL = "-Onone";
			};
			name = Debug;
		};
		84D5921229354EE300DCC5F6 /* Release */ = {
			isa = XCBuildConfiguration;
			buildSettings = {
				ALWAYS_SEARCH_USER_PATHS = NO;
				CLANG_ANALYZER_NONNULL = YES;
				CLANG_ANALYZER_NUMBER_OBJECT_CONVERSION = YES_AGGRESSIVE;
				CLANG_CXX_LANGUAGE_STANDARD = "gnu++17";
				CLANG_CXX_LIBRARY = "libc++";
				CLANG_ENABLE_MODULES = YES;
				CLANG_ENABLE_OBJC_ARC = YES;
				CLANG_ENABLE_OBJC_WEAK = YES;
				CLANG_WARN_BLOCK_CAPTURE_AUTORELEASING = YES;
				CLANG_WARN_BOOL_CONVERSION = YES;
				CLANG_WARN_COMMA = YES;
				CLANG_WARN_CONSTANT_CONVERSION = YES;
				CLANG_WARN_DEPRECATED_OBJC_IMPLEMENTATIONS = YES;
				CLANG_WARN_DIRECT_OBJC_ISA_USAGE = YES_ERROR;
				CLANG_WARN_DOCUMENTATION_COMMENTS = YES;
				CLANG_WARN_EMPTY_BODY = YES;
				CLANG_WARN_ENUM_CONVERSION = YES;
				CLANG_WARN_INFINITE_RECURSION = YES;
				CLANG_WARN_INT_CONVERSION = YES;
				CLANG_WARN_NON_LITERAL_NULL_CONVERSION = YES;
				CLANG_WARN_OBJC_IMPLICIT_RETAIN_SELF = YES;
				CLANG_WARN_OBJC_LITERAL_CONVERSION = YES;
				CLANG_WARN_OBJC_ROOT_CLASS = YES_ERROR;
				CLANG_WARN_QUOTED_INCLUDE_IN_FRAMEWORK_HEADER = YES;
				CLANG_WARN_RANGE_LOOP_ANALYSIS = YES;
				CLANG_WARN_STRICT_PROTOTYPES = YES;
				CLANG_WARN_SUSPICIOUS_MOVE = YES;
				CLANG_WARN_UNGUARDED_AVAILABILITY = YES_AGGRESSIVE;
				CLANG_WARN_UNREACHABLE_CODE = YES;
				CLANG_WARN__DUPLICATE_METHOD_MATCH = YES;
				COPY_PHASE_STRIP = NO;
				DEBUG_INFORMATION_FORMAT = "dwarf-with-dsym";
				ENABLE_NS_ASSERTIONS = NO;
				ENABLE_STRICT_OBJC_MSGSEND = YES;
				GCC_C_LANGUAGE_STANDARD = gnu11;
				GCC_NO_COMMON_BLOCKS = YES;
				GCC_WARN_64_TO_32_BIT_CONVERSION = YES;
				GCC_WARN_ABOUT_RETURN_TYPE = YES_ERROR;
				GCC_WARN_UNDECLARED_SELECTOR = YES;
				GCC_WARN_UNINITIALIZED_AUTOS = YES_AGGRESSIVE;
				GCC_WARN_UNUSED_FUNCTION = YES;
				GCC_WARN_UNUSED_VARIABLE = YES;
				IPHONEOS_DEPLOYMENT_TARGET = 15.2;
				MTL_ENABLE_DEBUG_INFO = NO;
				MTL_FAST_MATH = YES;
				SDKROOT = iphoneos;
				SWIFT_COMPILATION_MODE = wholemodule;
				SWIFT_OPTIMIZATION_LEVEL = "-O";
				VALIDATE_PRODUCT = YES;
			};
			name = Release;
		};
		84D5921429354EE300DCC5F6 /* Debug */ = {
			isa = XCBuildConfiguration;
			baseConfigurationReference = 3AD7CA7B02C6058733A7D853 /* Pods-TodoMovies.debug.xcconfig */;
			buildSettings = {
				ASSETCATALOG_COMPILER_APPICON_NAME = AppIcon;
				ASSETCATALOG_COMPILER_GLOBAL_ACCENT_COLOR_NAME = AccentColor;
				CODE_SIGN_STYLE = Automatic;
				CURRENT_PROJECT_VERSION = 1;
				DEVELOPMENT_TEAM = JMM295FRCU;
				GENERATE_INFOPLIST_FILE = YES;
				INFOPLIST_FILE = TodoMovies/Info.plist;
				INFOPLIST_KEY_CFBundleDisplayName = TodoMovies;
				INFOPLIST_KEY_UIApplicationSupportsIndirectInputEvents = YES;
				INFOPLIST_KEY_UILaunchStoryboardName = LaunchScreen;
				INFOPLIST_KEY_UISupportedInterfaceOrientations_iPad = "UIInterfaceOrientationPortrait UIInterfaceOrientationPortraitUpsideDown UIInterfaceOrientationLandscapeLeft UIInterfaceOrientationLandscapeRight";
				INFOPLIST_KEY_UISupportedInterfaceOrientations_iPhone = "UIInterfaceOrientationPortrait UIInterfaceOrientationLandscapeLeft UIInterfaceOrientationLandscapeRight";
				LD_RUNPATH_SEARCH_PATHS = (
					"$(inherited)",
					"@executable_path/Frameworks",
				);
				MARKETING_VERSION = 1.0;
				PRODUCT_BUNDLE_IDENTIFIER = com.denis.TodoMovies;
				PRODUCT_NAME = "$(TARGET_NAME)";
				SWIFT_EMIT_LOC_STRINGS = YES;
				SWIFT_VERSION = 5.0;
				TARGETED_DEVICE_FAMILY = "1,2";
			};
			name = Debug;
		};
		84D5921529354EE300DCC5F6 /* Release */ = {
			isa = XCBuildConfiguration;
			baseConfigurationReference = 182C3AC0A3703B3ECA0EED69 /* Pods-TodoMovies.release.xcconfig */;
			buildSettings = {
				ASSETCATALOG_COMPILER_APPICON_NAME = AppIcon;
				ASSETCATALOG_COMPILER_GLOBAL_ACCENT_COLOR_NAME = AccentColor;
				CODE_SIGN_STYLE = Automatic;
				CURRENT_PROJECT_VERSION = 1;
				DEVELOPMENT_TEAM = JMM295FRCU;
				GENERATE_INFOPLIST_FILE = YES;
				INFOPLIST_FILE = TodoMovies/Info.plist;
				INFOPLIST_KEY_CFBundleDisplayName = TodoMovies;
				INFOPLIST_KEY_UIApplicationSupportsIndirectInputEvents = YES;
				INFOPLIST_KEY_UILaunchStoryboardName = LaunchScreen;
				INFOPLIST_KEY_UISupportedInterfaceOrientations_iPad = "UIInterfaceOrientationPortrait UIInterfaceOrientationPortraitUpsideDown UIInterfaceOrientationLandscapeLeft UIInterfaceOrientationLandscapeRight";
				INFOPLIST_KEY_UISupportedInterfaceOrientations_iPhone = "UIInterfaceOrientationPortrait UIInterfaceOrientationLandscapeLeft UIInterfaceOrientationLandscapeRight";
				LD_RUNPATH_SEARCH_PATHS = (
					"$(inherited)",
					"@executable_path/Frameworks",
				);
				MARKETING_VERSION = 1.0;
				PRODUCT_BUNDLE_IDENTIFIER = com.denis.TodoMovies;
				PRODUCT_NAME = "$(TARGET_NAME)";
				SWIFT_EMIT_LOC_STRINGS = YES;
				SWIFT_VERSION = 5.0;
				TARGETED_DEVICE_FAMILY = "1,2";
			};
			name = Release;
		};
/* End XCBuildConfiguration section */

/* Begin XCConfigurationList section */
		8416B83729379E6800C6A6C7 /* Build configuration list for PBXNativeTarget "TodoMoviesTests" */ = {
			isa = XCConfigurationList;
			buildConfigurations = (
				8416B83829379E6800C6A6C7 /* Debug */,
				8416B83929379E6800C6A6C7 /* Release */,
			);
			defaultConfigurationIsVisible = 0;
			defaultConfigurationName = Release;
		};
		8416B8462937A92900C6A6C7 /* Build configuration list for PBXNativeTarget "TodoMoviesUITests" */ = {
			isa = XCConfigurationList;
			buildConfigurations = (
				8416B8472937A92900C6A6C7 /* Debug */,
				8416B8482937A92900C6A6C7 /* Release */,
			);
			defaultConfigurationIsVisible = 0;
			defaultConfigurationName = Release;
		};
		84D591FA29354EE100DCC5F6 /* Build configuration list for PBXProject "TodoMovies" */ = {
			isa = XCConfigurationList;
			buildConfigurations = (
				84D5921129354EE300DCC5F6 /* Debug */,
				84D5921229354EE300DCC5F6 /* Release */,
			);
			defaultConfigurationIsVisible = 0;
			defaultConfigurationName = Release;
		};
		84D5921329354EE300DCC5F6 /* Build configuration list for PBXNativeTarget "TodoMovies" */ = {
			isa = XCConfigurationList;
			buildConfigurations = (
				84D5921429354EE300DCC5F6 /* Debug */,
				84D5921529354EE300DCC5F6 /* Release */,
			);
			defaultConfigurationIsVisible = 0;
			defaultConfigurationName = Release;
		};
/* End XCConfigurationList section */

/* Begin XCRemoteSwiftPackageReference section */
		8416B84D2937CD4700C6A6C7 /* XCRemoteSwiftPackageReference "swift-snapshot-testing" */ = {
			isa = XCRemoteSwiftPackageReference;
			repositoryURL = "https://github.com/pointfreeco/swift-snapshot-testing";
			requirement = {
				branch = main;
				kind = branch;
			};
		};
/* End XCRemoteSwiftPackageReference section */

/* Begin XCSwiftPackageProductDependency section */
		8416B84E2937CD4700C6A6C7 /* SnapshotTesting */ = {
			isa = XCSwiftPackageProductDependency;
			package = 8416B84D2937CD4700C6A6C7 /* XCRemoteSwiftPackageReference "swift-snapshot-testing" */;
			productName = SnapshotTesting;
		};
		8416B85E2937D46C00C6A6C7 /* SnapshotTesting */ = {
			isa = XCSwiftPackageProductDependency;
			package = 8416B84D2937CD4700C6A6C7 /* XCRemoteSwiftPackageReference "swift-snapshot-testing" */;
			productName = SnapshotTesting;
		};
/* End XCSwiftPackageProductDependency section */
	};
	rootObject = 84D591F729354EE100DCC5F6 /* Project object */;
}
